{
  "name": "Parabola",
  "version": "1.0.6",
  "lockfileVersion": 3,
  "requires": true,
  "packages": {
    "": {
      "name": "Parabola",
      "version": "1.0.6",
      "devDependencies": {
        "@types/pebblekitjs": "^4.0.33",
        "typescript": "^6.0.3"
      }
    },
    "node_modules/@types/pebblekitjs": {
      "version": "4.0.33",
      "resolved": "https://registry.npmjs.org/@types/pebblekitjs/-/pebblekitjs-4.0.33.tgz",
      "integrity": "sha512-dQaAhcPx7Fcqnl6kStUDOB4TzofFMjgnX6u72NIsEwTZAtKgKq6fV13qZbXIDVfhjWdAJ0hlNQxWimMLtS71NA==",
      "dev": true,
      "license": "MIT"
    },
    "node_modules/typescript": {
      "version": "6.0.3",
      "resolved": "https://registry.npmjs.org/typescript/-/typescript-6.0.3.tgz",
      "integrity": "sha512-y2TvuxSZPDyQakkFRPZHKFm+KKVqIisdg9/CZwm9ftvKXLP8NRWj38/ODjNbr43SsoXqNuAisEf1GdCxqWcdBw==",
      "dev": true,
      "license": "Apache-2.0",
      "bin": {
        "tsc": "bin/tsc",
        "tsserver": "bin/tsserver"
      },
      "engines": {
        "node": ">=14.17"
      }
    }
  }
}
